
Microsoft Visual Studio Solution File, Format Version 12.00
# Visual Studio 2012
Project("{FAE04EC0-301F-11D3-BF4B-00C04F79EFBC}") = "DotNetAPIControllers", "DotNetAPIControllers\DotNetAPIControllers.csproj", "{228E0BA0-9F72-4893-A316-F6EE2DD5967E}"
EndProject
Global
	GlobalSection(SolutionConfigurationPlatforms) = preSolution
		Debug|Any CPU = Debug|Any CPU
		Release|Any CPU = Release|Any CPU
	EndGlobalSection
	GlobalSection(ProjectConfigurationPlatforms) = postSolution
		{228E0BA0-9F72-4893-A316-F6EE2DD5967E}.Debug|Any CPU.ActiveCfg = Debug|Any CPU
		{228E0BA0-9F72-4893-A316-F6EE2DD5967E}.Debug|Any CPU.Build.0 = Debug|Any CPU
		{228E0BA0-9F72-4893-A316-F6EE2DD5967E}.Release|Any CPU.ActiveCfg = Release|Any CPU
		{228E0BA0-9F72-4893-A316-F6EE2DD5967E}.Release|Any CPU.Build.0 = Release|Any CPU
	EndGlobalSection
EndGlobal
